
Microsoft Visual Studio Solution File, Format Version 12.00
# Visual Studio Version 17
VisualStudioVersion = 17.5.33209.295
MinimumVisualStudioVersion = 10.0.40219.1
Project("{FAE04EC0-301F-11D3-BF4B-00C04F79EFBC}") = "Piano", "Piano\Piano.csproj", "{F622DCAE-A498-4612-AB2A-2E8603A63891}"
EndProject
Global
	GlobalSection(SolutionConfigurationPlatforms) = preSolution
		Debug|Any CPU = Debug|Any CPU
		Release|Any CPU = Release|Any CPU
	EndGlobalSection
	GlobalSection(ProjectConfigurationPlatforms) = postSolution
		{F622DCAE-A498-4612-AB2A-2E8603A63891}.Debug|Any CPU.ActiveCfg = Debug|Any CPU
		{F622DCAE-A498-4612-AB2A-2E8603A63891}.Debug|Any CPU.Build.0 = Debug|Any CPU
		{F622DCAE-A498-4612-AB2A-2E8603A63891}.Release|Any CPU.ActiveCfg = Release|Any CPU
		{F622DCAE-A498-4612-AB2A-2E8603A63891}.Release|Any CPU.Build.0 = Release|Any CPU
	EndGlobalSection
	GlobalSection(SolutionProperties) = preSolution
		HideSolutionNode = FALSE
	EndGlobalSection
	GlobalSection(ExtensibilityGlobals) = postSolution
		SolutionGuid = {63D97D3B-9657-4964-81F4-8031485E9C2C}
	EndGlobalSection
EndGlobal
